{
  "name": "pundle-core",
  "version": "0.0.0",
  "lockfileVersion": 1,
  "requires": true,
  "dependencies": {
    "p-each-series": {
      "version": "1.0.0",
      "resolved": "https://registry.npmjs.org/p-each-series/-/p-each-series-1.0.0.tgz",
      "integrity": "sha1-kw89Et0fUOdDRFeiLNbwSsatf3E=",
      "requires": {
        "p-reduce": "1.0.0"
      }
    },
    "p-map": {
      "version": "1.2.0",
      "resolved": "https://registry.npmjs.org/p-map/-/p-map-1.2.0.tgz",
      "integrity": "sha512-r6zKACMNhjPJMTl8KcFH4li//gkrXWfbD6feV8l6doRHlzljFWGJ2AP6iKaCJXyZmAUMOPtvbW7EXkbWO/pLEA=="
    },
    "p-one": {
      "version": "1.0.0",
      "resolved": "https://registry.npmjs.org/p-one/-/p-one-1.0.0.tgz",
      "integrity": "sha1-r2/mAETr0M7Fq3YtUaWK6DAM7lE=",
      "requires": {
        "p-map": "1.2.0"
      }
    },
    "p-reduce": {
      "version": "1.0.0",
      "resolved": "https://registry.npmjs.org/p-reduce/-/p-reduce-1.0.0.tgz",
      "integrity": "sha1-GMKw3ZNqRpClKfgjH1ig/bakffo="
    },
    "pundle-api": {
      "version": "0.0.0",
      "requires": {
        "ignore": "3.3.5",
        "p-each-series": "1.0.0"
      },
      "dependencies": {
        "ignore": {
          "version": "3.3.5",
          "bundled": true
        },
        "p-each-series": {
          "version": "1.0.0",
          "bundled": true,
          "requires": {
            "p-reduce": "1.0.0"
          }
        },
        "p-reduce": {
          "version": "1.0.0",
          "bundled": true
        }
      }
    },
    "pundle-core-parse-config": {
      "version": "0.0.0",
      "requires": {
        "import-from": "2.1.0",
        "pundle-api": "0.0.0"
      },
      "dependencies": {
        "import-from": {
          "version": "2.1.0",
          "bundled": true,
          "requires": {
            "resolve-from": "3.0.0"
          }
        },
        "pundle-api": {
          "version": "0.0.0",
          "bundled": true,
          "requires": {
            "ignore": "3.3.5",
            "p-each-series": "1.0.0"
          },
          "dependencies": {
            "ignore": {
              "version": "3.3.5",
              "bundled": true
            },
            "p-each-series": {
              "version": "1.0.0",
              "bundled": true,
              "requires": {
                "p-reduce": "1.0.0"
              }
            },
            "p-reduce": {
              "version": "1.0.0",
              "bundled": true
            }
          }
        },
        "resolve-from": {
          "version": "3.0.0",
          "bundled": true
        }
      }
    }
  }
}
