{
  "name": "pundle-api",
  "version": "2.0.0-beta25",
  "lockfileVersion": 1,
  "dependencies": {
    "ignore": {
      "version": "3.3.3",
      "resolved": "https://registry.npmjs.org/ignore/-/ignore-3.3.3.tgz",
      "integrity": "sha1-QyNS5XrM2HqzEQ6C0/6g5HgSFW0="
    },
    "jasmine-fix": {
      "version": "1.2.0",
      "resolved": "https://registry.npmjs.org/jasmine-fix/-/jasmine-fix-1.2.0.tgz",
      "integrity": "sha1-28yAtkwvydIb7QFmNzgqD2eyYts=",
      "dev": true
    },
    "lodash.uniq": {
      "version": "4.5.0",
      "resolved": "https://registry.npmjs.org/lodash.uniq/-/lodash.uniq-4.5.0.tgz",
      "integrity": "sha1-0CJTc662Uq3BvILklFM5qEJ1R3M="
    },
    "merge-source-map": {
      "version": "1.0.3",
      "resolved": "https://registry.npmjs.org/merge-source-map/-/merge-source-map-1.0.3.tgz",
      "integrity": "sha1-2hQV8nIqURnbB7FMT5c0EIY6Kr8="
    },
    "sb-event-kit": {
      "version": "3.0.0",
      "resolved": "https://registry.npmjs.org/sb-event-kit/-/sb-event-kit-3.0.0.tgz",
      "integrity": "sha1-Deq26KLZ3a1zN157g9qAv8kQXSQ="
    },
    "source-map": {
      "version": "0.5.6",
      "resolved": "https://registry.npmjs.org/source-map/-/source-map-0.5.6.tgz",
      "integrity": "sha1-dc449SvwczxafwwRjYEzSiu19BI="
    }
  }
}
