{
  "name": "pundle-api",
  "version": "0.0.0",
  "lockfileVersion": 1,
  "requires": true,
  "dependencies": {
    "ignore": {
      "version": "3.3.5",
      "resolved": "https://registry.npmjs.org/ignore/-/ignore-3.3.5.tgz",
      "integrity": "sha512-JLH93mL8amZQhh/p6mfQgVBH3M6epNq3DfsXsTSuSrInVjwyYlFE1nv2AgfRCC8PoOhM0jwQ5v8s9LgbK7yGDw=="
    },
    "p-each-series": {
      "version": "1.0.0",
      "resolved": "https://registry.npmjs.org/p-each-series/-/p-each-series-1.0.0.tgz",
      "integrity": "sha1-kw89Et0fUOdDRFeiLNbwSsatf3E=",
      "requires": {
        "p-reduce": "1.0.0"
      }
    },
    "p-reduce": {
      "version": "1.0.0",
      "resolved": "https://registry.npmjs.org/p-reduce/-/p-reduce-1.0.0.tgz",
      "integrity": "sha1-GMKw3ZNqRpClKfgjH1ig/bakffo="
    }
  }
}
