{
  "name": "pundle-api",
  "version": "0.0.0",
  "lockfileVersion": 1,
  "requires": true,
  "dependencies": {
    "ignore": {
      "version": "3.3.5",
      "resolved": "https://registry.npmjs.org/ignore/-/ignore-3.3.5.tgz",
      "integrity": "sha512-JLH93mL8amZQhh/p6mfQgVBH3M6epNq3DfsXsTSuSrInVjwyYlFE1nv2AgfRCC8PoOhM0jwQ5v8s9LgbK7yGDw=="
    }
  }
}
