{
  "name": "pundle-plugin-npm-installer",
  "version": "2.0.0-beta26",
  "lockfileVersion": 1,
  "requires": true,
  "dependencies": {
    "consistent-env": {
      "version": "1.3.1",
      "resolved": "https://registry.npmjs.org/consistent-env/-/consistent-env-1.3.1.tgz",
      "integrity": "sha1-9oI018afxt2WVviuI0Kc4EmbZfs=",
      "requires": {
        "lodash.uniq": "4.5.0"
      }
    },
    "ignore": {
      "version": "3.3.3",
      "resolved": "https://registry.npmjs.org/ignore/-/ignore-3.3.3.tgz",
      "integrity": "sha1-QyNS5XrM2HqzEQ6C0/6g5HgSFW0="
    },
    "lodash.uniq": {
      "version": "4.5.0",
      "resolved": "https://registry.npmjs.org/lodash.uniq/-/lodash.uniq-4.5.0.tgz",
      "integrity": "sha1-0CJTc662Uq3BvILklFM5qEJ1R3M="
    },
    "merge-source-map": {
      "version": "1.0.4",
      "resolved": "https://registry.npmjs.org/merge-source-map/-/merge-source-map-1.0.4.tgz",
      "integrity": "sha1-pd5GU42uhNQRTMXqArR3KmNGcB8=",
      "requires": {
        "source-map": "0.5.6"
      }
    },
    "promise.defer": {
      "version": "1.0.1",
      "resolved": "https://registry.npmjs.org/promise.defer/-/promise.defer-1.0.1.tgz",
      "integrity": "sha1-IRA7W27NmuNvkDMB6KNH+ER3xOw="
    },
    "pundle-api": {
      "version": "2.0.0-beta26",
      "resolved": "https://registry.npmjs.org/pundle-api/-/pundle-api-2.0.0-beta26.tgz",
      "integrity": "sha512-QCGcrwZJ38S2QkYM6un25JCzvpfUa7SU45Abo9YYl0DKFNpLixm8t6J4wMK66HQRY9kdWyCZjouAGnlXnyQvlw==",
      "requires": {
        "ignore": "3.3.3",
        "lodash.uniq": "4.5.0",
        "merge-source-map": "1.0.4",
        "sb-event-kit": "3.0.0"
      }
    },
    "sb-event-kit": {
      "version": "3.0.0",
      "resolved": "https://registry.npmjs.org/sb-event-kit/-/sb-event-kit-3.0.0.tgz",
      "integrity": "sha1-Deq26KLZ3a1zN157g9qAv8kQXSQ="
    },
    "sb-exec": {
      "version": "3.1.0",
      "resolved": "https://registry.npmjs.org/sb-exec/-/sb-exec-3.1.0.tgz",
      "integrity": "sha1-NMxlCIoRZ1Lrcg/d7/ZtLC6V7FE=",
      "requires": {
        "consistent-env": "1.3.1",
        "lodash.uniq": "4.5.0",
        "sb-npm-path": "2.0.0"
      }
    },
    "sb-memoize": {
      "version": "1.0.2",
      "resolved": "https://registry.npmjs.org/sb-memoize/-/sb-memoize-1.0.2.tgz",
      "integrity": "sha1-EoN1xi3bnMT/qQXQxaWXwZuurY4="
    },
    "sb-npm-path": {
      "version": "2.0.0",
      "resolved": "https://registry.npmjs.org/sb-npm-path/-/sb-npm-path-2.0.0.tgz",
      "integrity": "sha1-D2zCzzcd68p9k27Xa31MPMHrPVg=",
      "requires": {
        "sb-memoize": "1.0.2",
        "sb-promisify": "2.0.2"
      }
    },
    "sb-promisify": {
      "version": "2.0.2",
      "resolved": "https://registry.npmjs.org/sb-promisify/-/sb-promisify-2.0.2.tgz",
      "integrity": "sha1-QnelR1RIiqlnXYhuNU24lMm9yYE="
    },
    "source-map": {
      "version": "0.5.6",
      "resolved": "https://registry.npmjs.org/source-map/-/source-map-0.5.6.tgz",
      "integrity": "sha1-dc449SvwczxafwwRjYEzSiu19BI="
    }
  }
}
