{
  "name": "pundle-plugin-dedupe",
  "version": "2.0.0-beta26",
  "lockfileVersion": 1,
  "requires": true,
  "dependencies": {
    "ignore": {
      "version": "3.3.3",
      "resolved": "https://registry.npmjs.org/ignore/-/ignore-3.3.3.tgz",
      "integrity": "sha1-QyNS5XrM2HqzEQ6C0/6g5HgSFW0="
    },
    "lodash.uniq": {
      "version": "4.5.0",
      "resolved": "https://registry.npmjs.org/lodash.uniq/-/lodash.uniq-4.5.0.tgz",
      "integrity": "sha1-0CJTc662Uq3BvILklFM5qEJ1R3M="
    },
    "merge-source-map": {
      "version": "1.0.4",
      "resolved": "https://registry.npmjs.org/merge-source-map/-/merge-source-map-1.0.4.tgz",
      "integrity": "sha1-pd5GU42uhNQRTMXqArR3KmNGcB8=",
      "requires": {
        "source-map": "0.5.6"
      }
    },
    "pundle-api": {
      "version": "2.0.0-beta26",
      "resolved": "https://registry.npmjs.org/pundle-api/-/pundle-api-2.0.0-beta26.tgz",
      "integrity": "sha512-QCGcrwZJ38S2QkYM6un25JCzvpfUa7SU45Abo9YYl0DKFNpLixm8t6J4wMK66HQRY9kdWyCZjouAGnlXnyQvlw==",
      "requires": {
        "ignore": "3.3.3",
        "lodash.uniq": "4.5.0",
        "merge-source-map": "1.0.4",
        "sb-event-kit": "3.0.0"
      }
    },
    "sb-event-kit": {
      "version": "3.0.0",
      "resolved": "https://registry.npmjs.org/sb-event-kit/-/sb-event-kit-3.0.0.tgz",
      "integrity": "sha1-Deq26KLZ3a1zN157g9qAv8kQXSQ="
    },
    "semver": {
      "version": "5.4.1",
      "resolved": "https://registry.npmjs.org/semver/-/semver-5.4.1.tgz",
      "integrity": "sha512-WfG/X9+oATh81XtllIo/I8gOiY9EXRdv1cQdyykeXK17YcUW3EXUAi2To4pcH6nZtJPr7ZOpM5OMyWJZm+8Rsg=="
    },
    "source-map": {
      "version": "0.5.6",
      "resolved": "https://registry.npmjs.org/source-map/-/source-map-0.5.6.tgz",
      "integrity": "sha1-dc449SvwczxafwwRjYEzSiu19BI="
    }
  }
}
