{
  "name": "babel-pundle",
  "version": "0.2.6",
  "dependencies": {
    "amdefine": {
      "version": "1.0.0",
      "from": "amdefine@>=0.0.4",
      "resolved": "https://registry.npmjs.org/amdefine/-/amdefine-1.0.0.tgz"
    },
    "ansi-regex": {
      "version": "2.0.0",
      "from": "ansi-regex@>=2.0.0 <3.0.0",
      "resolved": "https://registry.npmjs.org/ansi-regex/-/ansi-regex-2.0.0.tgz"
    },
    "ansi-styles": {
      "version": "2.2.1",
      "from": "ansi-styles@>=2.2.1 <3.0.0",
      "resolved": "https://registry.npmjs.org/ansi-styles/-/ansi-styles-2.2.1.tgz"
    },
    "babel-code-frame": {
      "version": "6.7.2",
      "from": "babel-code-frame@>=6.7.2 <7.0.0",
      "resolved": "https://registry.npmjs.org/babel-code-frame/-/babel-code-frame-6.7.2.tgz"
    },
    "babel-core": {
      "version": "6.7.2",
      "from": "babel-core@>=6.7.2 < 7.0.0",
      "resolved": "https://registry.npmjs.org/babel-core/-/babel-core-6.7.2.tgz"
    },
    "babel-generator": {
      "version": "6.7.2",
      "from": "babel-generator@>=6.7.2 <7.0.0",
      "resolved": "https://registry.npmjs.org/babel-generator/-/babel-generator-6.7.2.tgz"
    },
    "babel-helpers": {
      "version": "6.6.0",
      "from": "babel-helpers@>=6.6.0 <7.0.0",
      "resolved": "https://registry.npmjs.org/babel-helpers/-/babel-helpers-6.6.0.tgz"
    },
    "babel-messages": {
      "version": "6.7.2",
      "from": "babel-messages@>=6.7.2 <7.0.0",
      "resolved": "https://registry.npmjs.org/babel-messages/-/babel-messages-6.7.2.tgz"
    },
    "babel-register": {
      "version": "6.7.2",
      "from": "babel-register@>=6.7.2 <7.0.0",
      "resolved": "https://registry.npmjs.org/babel-register/-/babel-register-6.7.2.tgz",
      "dependencies": {
        "core-js": {
          "version": "2.2.1",
          "from": "core-js@>=2.1.0 <3.0.0",
          "resolved": "https://registry.npmjs.org/core-js/-/core-js-2.2.1.tgz"
        }
      }
    },
    "babel-runtime": {
      "version": "5.8.38",
      "from": "babel-runtime@>=5.0.0 <6.0.0",
      "resolved": "https://registry.npmjs.org/babel-runtime/-/babel-runtime-5.8.38.tgz"
    },
    "babel-template": {
      "version": "6.7.2",
      "from": "babel-template@>=6.7.0 <7.0.0",
      "resolved": "https://registry.npmjs.org/babel-template/-/babel-template-6.7.0.tgz"
    },
    "babel-traverse": {
      "version": "6.7.2",
      "from": "babel-traverse@>=6.7.2 <7.0.0",
      "resolved": "https://registry.npmjs.org/babel-traverse/-/babel-traverse-6.7.2.tgz"
    },
    "babel-types": {
      "version": "6.7.2",
      "from": "babel-types@>=6.7.2 <7.0.0",
      "resolved": "https://registry.npmjs.org/babel-types/-/babel-types-6.7.2.tgz"
    },
    "babylon": {
      "version": "6.7.0",
      "from": "babylon@>=6.7.0 <7.0.0",
      "resolved": "https://registry.npmjs.org/babylon/-/babylon-6.7.0.tgz"
    },
    "balanced-match": {
      "version": "0.3.0",
      "from": "balanced-match@>=0.3.0 <0.4.0",
      "resolved": "https://registry.npmjs.org/balanced-match/-/balanced-match-0.3.0.tgz"
    },
    "brace-expansion": {
      "version": "1.1.3",
      "from": "brace-expansion@>=1.0.0 <2.0.0",
      "resolved": "https://registry.npmjs.org/brace-expansion/-/brace-expansion-1.1.3.tgz"
    },
    "chalk": {
      "version": "1.1.3",
      "from": "chalk@>=1.1.0 <2.0.0",
      "resolved": "https://registry.npmjs.org/chalk/-/chalk-1.1.3.tgz"
    },
    "concat-map": {
      "version": "0.0.1",
      "from": "concat-map@0.0.1",
      "resolved": "https://registry.npmjs.org/concat-map/-/concat-map-0.0.1.tgz"
    },
    "convert-source-map": {
      "version": "1.2.0",
      "from": "convert-source-map@>=1.1.0 <2.0.0",
      "resolved": "https://registry.npmjs.org/convert-source-map/-/convert-source-map-1.2.0.tgz"
    },
    "core-js": {
      "version": "1.2.6",
      "from": "core-js@>=1.0.0 <2.0.0",
      "resolved": "https://registry.npmjs.org/core-js/-/core-js-1.2.6.tgz"
    },
    "debug": {
      "version": "2.2.0",
      "from": "debug@>=2.1.1 <3.0.0",
      "resolved": "https://registry.npmjs.org/debug/-/debug-2.2.0.tgz"
    },
    "detect-indent": {
      "version": "3.0.1",
      "from": "detect-indent@>=3.0.1 <4.0.0",
      "resolved": "https://registry.npmjs.org/detect-indent/-/detect-indent-3.0.1.tgz"
    },
    "escape-string-regexp": {
      "version": "1.0.5",
      "from": "escape-string-regexp@>=1.0.2 <2.0.0",
      "resolved": "https://registry.npmjs.org/escape-string-regexp/-/escape-string-regexp-1.0.5.tgz"
    },
    "esutils": {
      "version": "2.0.2",
      "from": "esutils@>=2.0.2 <3.0.0",
      "resolved": "https://registry.npmjs.org/esutils/-/esutils-2.0.2.tgz"
    },
    "get-stdin": {
      "version": "4.0.1",
      "from": "get-stdin@>=4.0.1 <5.0.0",
      "resolved": "https://registry.npmjs.org/get-stdin/-/get-stdin-4.0.1.tgz"
    },
    "globals": {
      "version": "8.18.0",
      "from": "globals@>=8.3.0 <9.0.0",
      "resolved": "https://registry.npmjs.org/globals/-/globals-8.18.0.tgz"
    },
    "has-ansi": {
      "version": "2.0.0",
      "from": "has-ansi@>=2.0.0 <3.0.0",
      "resolved": "https://registry.npmjs.org/has-ansi/-/has-ansi-2.0.0.tgz"
    },
    "home-or-tmp": {
      "version": "1.0.0",
      "from": "home-or-tmp@>=1.0.0 <2.0.0",
      "resolved": "https://registry.npmjs.org/home-or-tmp/-/home-or-tmp-1.0.0.tgz"
    },
    "invariant": {
      "version": "2.2.1",
      "from": "invariant@>=2.2.0 <3.0.0",
      "resolved": "https://registry.npmjs.org/invariant/-/invariant-2.2.1.tgz"
    },
    "is-finite": {
      "version": "1.0.1",
      "from": "is-finite@>=1.0.0 <2.0.0",
      "resolved": "https://registry.npmjs.org/is-finite/-/is-finite-1.0.1.tgz"
    },
    "is-integer": {
      "version": "1.0.6",
      "from": "is-integer@>=1.0.4 <2.0.0",
      "resolved": "https://registry.npmjs.org/is-integer/-/is-integer-1.0.6.tgz"
    },
    "js-tokens": {
      "version": "1.0.3",
      "from": "js-tokens@>=1.0.1 <2.0.0",
      "resolved": "https://registry.npmjs.org/js-tokens/-/js-tokens-1.0.3.tgz"
    },
    "json5": {
      "version": "0.4.0",
      "from": "json5@>=0.4.0 <0.5.0",
      "resolved": "https://registry.npmjs.org/json5/-/json5-0.4.0.tgz"
    },
    "lodash": {
      "version": "3.10.1",
      "from": "lodash@>=3.10.0 <4.0.0",
      "resolved": "https://registry.npmjs.org/lodash/-/lodash-3.10.1.tgz"
    },
    "loose-envify": {
      "version": "1.1.0",
      "from": "loose-envify@>=1.0.0 <2.0.0",
      "resolved": "https://registry.npmjs.org/loose-envify/-/loose-envify-1.1.0.tgz"
    },
    "minimatch": {
      "version": "2.0.10",
      "from": "minimatch@>=2.0.3 <3.0.0",
      "resolved": "https://registry.npmjs.org/minimatch/-/minimatch-2.0.10.tgz"
    },
    "minimist": {
      "version": "1.2.0",
      "from": "minimist@>=1.1.0 <2.0.0",
      "resolved": "https://registry.npmjs.org/minimist/-/minimist-1.2.0.tgz"
    },
    "mkdirp": {
      "version": "0.5.1",
      "from": "mkdirp@>=0.5.1 <0.6.0",
      "resolved": "https://registry.npmjs.org/mkdirp/-/mkdirp-0.5.1.tgz",
      "dependencies": {
        "minimist": {
          "version": "0.0.8",
          "from": "minimist@0.0.8",
          "resolved": "https://registry.npmjs.org/minimist/-/minimist-0.0.8.tgz"
        }
      }
    },
    "ms": {
      "version": "0.7.1",
      "from": "ms@0.7.1",
      "resolved": "https://registry.npmjs.org/ms/-/ms-0.7.1.tgz"
    },
    "number-is-nan": {
      "version": "1.0.0",
      "from": "number-is-nan@>=1.0.0 <2.0.0",
      "resolved": "https://registry.npmjs.org/number-is-nan/-/number-is-nan-1.0.0.tgz"
    },
    "os-tmpdir": {
      "version": "1.0.1",
      "from": "os-tmpdir@>=1.0.1 <2.0.0",
      "resolved": "https://registry.npmjs.org/os-tmpdir/-/os-tmpdir-1.0.1.tgz"
    },
    "path-exists": {
      "version": "1.0.0",
      "from": "path-exists@>=1.0.0 <2.0.0",
      "resolved": "https://registry.npmjs.org/path-exists/-/path-exists-1.0.0.tgz"
    },
    "path-is-absolute": {
      "version": "1.0.0",
      "from": "path-is-absolute@>=1.0.0 <2.0.0",
      "resolved": "https://registry.npmjs.org/path-is-absolute/-/path-is-absolute-1.0.0.tgz"
    },
    "private": {
      "version": "0.1.6",
      "from": "private@>=0.1.6 <0.2.0",
      "resolved": "https://registry.npmjs.org/private/-/private-0.1.6.tgz"
    },
    "repeating": {
      "version": "1.1.3",
      "from": "repeating@>=1.1.3 <2.0.0",
      "resolved": "https://registry.npmjs.org/repeating/-/repeating-1.1.3.tgz"
    },
    "sb-promisify": {
      "version": "1.3.0",
      "from": "sb-promisify@>=1.3.0 <2.0.0"
    },
    "shebang-regex": {
      "version": "1.0.0",
      "from": "shebang-regex@>=1.0.0 <2.0.0",
      "resolved": "https://registry.npmjs.org/shebang-regex/-/shebang-regex-1.0.0.tgz"
    },
    "slash": {
      "version": "1.0.0",
      "from": "slash@>=1.0.0 <2.0.0",
      "resolved": "https://registry.npmjs.org/slash/-/slash-1.0.0.tgz"
    },
    "source-map": {
      "version": "0.5.3",
      "from": "source-map@>=0.5.0 <0.6.0",
      "resolved": "https://registry.npmjs.org/source-map/-/source-map-0.5.3.tgz"
    },
    "source-map-support": {
      "version": "0.2.10",
      "from": "source-map-support@>=0.2.10 <0.3.0",
      "resolved": "https://registry.npmjs.org/source-map-support/-/source-map-support-0.2.10.tgz",
      "dependencies": {
        "source-map": {
          "version": "0.1.32",
          "from": "source-map@0.1.32",
          "resolved": "https://registry.npmjs.org/source-map/-/source-map-0.1.32.tgz"
        }
      }
    },
    "strip-ansi": {
      "version": "3.0.1",
      "from": "strip-ansi@>=3.0.0 <4.0.0",
      "resolved": "https://registry.npmjs.org/strip-ansi/-/strip-ansi-3.0.1.tgz"
    },
    "supports-color": {
      "version": "2.0.0",
      "from": "supports-color@>=2.0.0 <3.0.0",
      "resolved": "https://registry.npmjs.org/supports-color/-/supports-color-2.0.0.tgz"
    },
    "to-fast-properties": {
      "version": "1.0.2",
      "from": "to-fast-properties@>=1.0.1 <2.0.0",
      "resolved": "https://registry.npmjs.org/to-fast-properties/-/to-fast-properties-1.0.2.tgz"
    },
    "trim-right": {
      "version": "1.0.1",
      "from": "trim-right@>=1.0.1 <2.0.0",
      "resolved": "https://registry.npmjs.org/trim-right/-/trim-right-1.0.1.tgz"
    },
    "user-home": {
      "version": "1.1.1",
      "from": "user-home@>=1.1.1 <2.0.0",
      "resolved": "https://registry.npmjs.org/user-home/-/user-home-1.1.1.tgz"
    }
  }
}
